
Microsoft Visual Studio Solution File, Format Version 12.00
# Visual Studio Version 17
VisualStudioVersion = 17.0.31903.59
MinimumVisualStudioVersion = 10.0.40219.1
Project("{FAE04EC0-301F-11D3-BF4B-00C04F79EFBC}") = "FarmContract", "FarmContract\FarmContract.csproj", "{A2D229F6-AC7E-42DF-95F6-FB00FCC243E5}"
EndProject
Project("{FAE04EC0-301F-11D3-BF4B-00C04F79EFBC}") = "Farm", "Farm\Farm.csproj", "{E683D623-7371-460F-8ED0-EC97F3302049}"
EndProject
Project("{FAE04EC0-301F-11D3-BF4B-00C04F79EFBC}") = "Food", "Food\Food.csproj", "{C2609612-6722-4BAB-ACA7-C98CC7E60F6D}"
EndProject
Project("{FAE04EC0-301F-11D3-BF4B-00C04F79EFBC}") = "Water", "Water\Water.csproj", "{D2B4F6B4-9E8C-4105-9C6E-3FF344A97441}"
EndProject
Global
	GlobalSection(SolutionConfigurationPlatforms) = preSolution
		Debug|Any CPU = Debug|Any CPU
		Debug|x64 = Debug|x64
		Debug|x86 = Debug|x86
		Release|Any CPU = Release|Any CPU
		Release|x64 = Release|x64
		Release|x86 = Release|x86
	EndGlobalSection
	GlobalSection(ProjectConfigurationPlatforms) = postSolution
		{D0968114-B6F6-4B9E-A5DB-37D67D0C8996}.Debug|Any CPU.ActiveCfg = Debug|Any CPU
		{D0968114-B6F6-4B9E-A5DB-37D67D0C8996}.Debug|Any CPU.Build.0 = Debug|Any CPU
		{D0968114-B6F6-4B9E-A5DB-37D67D0C8996}.Debug|x64.ActiveCfg = Debug|Any CPU
		{D0968114-B6F6-4B9E-A5DB-37D67D0C8996}.Debug|x64.Build.0 = Debug|Any CPU
		{D0968114-B6F6-4B9E-A5DB-37D67D0C8996}.Debug|x86.ActiveCfg = Debug|Any CPU
		{D0968114-B6F6-4B9E-A5DB-37D67D0C8996}.Debug|x86.Build.0 = Debug|Any CPU
		{D0968114-B6F6-4B9E-A5DB-37D67D0C8996}.Release|Any CPU.ActiveCfg = Release|Any CPU
		{D0968114-B6F6-4B9E-A5DB-37D67D0C8996}.Release|Any CPU.Build.0 = Release|Any CPU
		{D0968114-B6F6-4B9E-A5DB-37D67D0C8996}.Release|x64.ActiveCfg = Release|Any CPU
		{D0968114-B6F6-4B9E-A5DB-37D67D0C8996}.Release|x64.Build.0 = Release|Any CPU
		{D0968114-B6F6-4B9E-A5DB-37D67D0C8996}.Release|x86.ActiveCfg = Release|Any CPU
		{D0968114-B6F6-4B9E-A5DB-37D67D0C8996}.Release|x86.Build.0 = Release|Any CPU
		{679CD194-B03C-4D32-B813-3E17100659E3}.Debug|Any CPU.ActiveCfg = Debug|Any CPU
		{679CD194-B03C-4D32-B813-3E17100659E3}.Debug|Any CPU.Build.0 = Debug|Any CPU
		{679CD194-B03C-4D32-B813-3E17100659E3}.Debug|x64.ActiveCfg = Debug|Any CPU
		{679CD194-B03C-4D32-B813-3E17100659E3}.Debug|x64.Build.0 = Debug|Any CPU
		{679CD194-B03C-4D32-B813-3E17100659E3}.Debug|x86.ActiveCfg = Debug|Any CPU
		{679CD194-B03C-4D32-B813-3E17100659E3}.Debug|x86.Build.0 = Debug|Any CPU
		{679CD194-B03C-4D32-B813-3E17100659E3}.Release|Any CPU.ActiveCfg = Release|Any CPU
		{679CD194-B03C-4D32-B813-3E17100659E3}.Release|Any CPU.Build.0 = Release|Any CPU
		{679CD194-B03C-4D32-B813-3E17100659E3}.Release|x64.ActiveCfg = Release|Any CPU
		{679CD194-B03C-4D32-B813-3E17100659E3}.Release|x64.Build.0 = Release|Any CPU
		{679CD194-B03C-4D32-B813-3E17100659E3}.Release|x86.ActiveCfg = Release|Any CPU
		{679CD194-B03C-4D32-B813-3E17100659E3}.Release|x86.Build.0 = Release|Any CPU
		{7684E111-9935-424A-8443-DFB9B4D7952B}.Debug|Any CPU.ActiveCfg = Debug|Any CPU
		{7684E111-9935-424A-8443-DFB9B4D7952B}.Debug|Any CPU.Build.0 = Debug|Any CPU
		{7684E111-9935-424A-8443-DFB9B4D7952B}.Debug|x64.ActiveCfg = Debug|Any CPU
		{7684E111-9935-424A-8443-DFB9B4D7952B}.Debug|x64.Build.0 = Debug|Any CPU
		{7684E111-9935-424A-8443-DFB9B4D7952B}.Debug|x86.ActiveCfg = Debug|Any CPU
		{7684E111-9935-424A-8443-DFB9B4D7952B}.Debug|x86.Build.0 = Debug|Any CPU
		{7684E111-9935-424A-8443-DFB9B4D7952B}.Release|Any CPU.ActiveCfg = Release|Any CPU
		{7684E111-9935-424A-8443-DFB9B4D7952B}.Release|Any CPU.Build.0 = Release|Any CPU
		{7684E111-9935-424A-8443-DFB9B4D7952B}.Release|x64.ActiveCfg = Release|Any CPU
		{7684E111-9935-424A-8443-DFB9B4D7952B}.Release|x64.Build.0 = Release|Any CPU
		{7684E111-9935-424A-8443-DFB9B4D7952B}.Release|x86.ActiveCfg = Release|Any CPU
		{7684E111-9935-424A-8443-DFB9B4D7952B}.Release|x86.Build.0 = Release|Any CPU
		{A2D229F6-AC7E-42DF-95F6-FB00FCC243E5}.Debug|Any CPU.ActiveCfg = Debug|Any CPU
		{A2D229F6-AC7E-42DF-95F6-FB00FCC243E5}.Debug|Any CPU.Build.0 = Debug|Any CPU
		{A2D229F6-AC7E-42DF-95F6-FB00FCC243E5}.Debug|x64.ActiveCfg = Debug|Any CPU
		{A2D229F6-AC7E-42DF-95F6-FB00FCC243E5}.Debug|x64.Build.0 = Debug|Any CPU
		{A2D229F6-AC7E-42DF-95F6-FB00FCC243E5}.Debug|x86.ActiveCfg = Debug|Any CPU
		{A2D229F6-AC7E-42DF-95F6-FB00FCC243E5}.Debug|x86.Build.0 = Debug|Any CPU
		{A2D229F6-AC7E-42DF-95F6-FB00FCC243E5}.Release|Any CPU.ActiveCfg = Release|Any CPU
		{A2D229F6-AC7E-42DF-95F6-FB00FCC243E5}.Release|Any CPU.Build.0 = Release|Any CPU
		{A2D229F6-AC7E-42DF-95F6-FB00FCC243E5}.Release|x64.ActiveCfg = Release|Any CPU
		{A2D229F6-AC7E-42DF-95F6-FB00FCC243E5}.Release|x64.Build.0 = Release|Any CPU
		{A2D229F6-AC7E-42DF-95F6-FB00FCC243E5}.Release|x86.ActiveCfg = Release|Any CPU
		{A2D229F6-AC7E-42DF-95F6-FB00FCC243E5}.Release|x86.Build.0 = Release|Any CPU
		{E683D623-7371-460F-8ED0-EC97F3302049}.Debug|Any CPU.ActiveCfg = Debug|Any CPU
		{E683D623-7371-460F-8ED0-EC97F3302049}.Debug|Any CPU.Build.0 = Debug|Any CPU
		{E683D623-7371-460F-8ED0-EC97F3302049}.Debug|x64.ActiveCfg = Debug|Any CPU
		{E683D623-7371-460F-8ED0-EC97F3302049}.Debug|x64.Build.0 = Debug|Any CPU
		{E683D623-7371-460F-8ED0-EC97F3302049}.Debug|x86.ActiveCfg = Debug|Any CPU
		{E683D623-7371-460F-8ED0-EC97F3302049}.Debug|x86.Build.0 = Debug|Any CPU
		{E683D623-7371-460F-8ED0-EC97F3302049}.Release|Any CPU.ActiveCfg = Release|Any CPU
		{E683D623-7371-460F-8ED0-EC97F3302049}.Release|Any CPU.Build.0 = Release|Any CPU
		{E683D623-7371-460F-8ED0-EC97F3302049}.Release|x64.ActiveCfg = Release|Any CPU
		{E683D623-7371-460F-8ED0-EC97F3302049}.Release|x64.Build.0 = Release|Any CPU
		{E683D623-7371-460F-8ED0-EC97F3302049}.Release|x86.ActiveCfg = Release|Any CPU
		{E683D623-7371-460F-8ED0-EC97F3302049}.Release|x86.Build.0 = Release|Any CPU
		{C2609612-6722-4BAB-ACA7-C98CC7E60F6D}.Debug|Any CPU.ActiveCfg = Debug|Any CPU
		{C2609612-6722-4BAB-ACA7-C98CC7E60F6D}.Debug|Any CPU.Build.0 = Debug|Any CPU
		{C2609612-6722-4BAB-ACA7-C98CC7E60F6D}.Debug|x64.ActiveCfg = Debug|Any CPU
		{C2609612-6722-4BAB-ACA7-C98CC7E60F6D}.Debug|x64.Build.0 = Debug|Any CPU
		{C2609612-6722-4BAB-ACA7-C98CC7E60F6D}.Debug|x86.ActiveCfg = Debug|Any CPU
		{C2609612-6722-4BAB-ACA7-C98CC7E60F6D}.Debug|x86.Build.0 = Debug|Any CPU
		{C2609612-6722-4BAB-ACA7-C98CC7E60F6D}.Release|Any CPU.ActiveCfg = Release|Any CPU
		{C2609612-6722-4BAB-ACA7-C98CC7E60F6D}.Release|Any CPU.Build.0 = Release|Any CPU
		{C2609612-6722-4BAB-ACA7-C98CC7E60F6D}.Release|x64.ActiveCfg = Release|Any CPU
		{C2609612-6722-4BAB-ACA7-C98CC7E60F6D}.Release|x64.Build.0 = Release|Any CPU
		{C2609612-6722-4BAB-ACA7-C98CC7E60F6D}.Release|x86.ActiveCfg = Release|Any CPU
		{C2609612-6722-4BAB-ACA7-C98CC7E60F6D}.Release|x86.Build.0 = Release|Any CPU
		{D2B4F6B4-9E8C-4105-9C6E-3FF344A97441}.Debug|Any CPU.ActiveCfg = Debug|Any CPU
		{D2B4F6B4-9E8C-4105-9C6E-3FF344A97441}.Debug|Any CPU.Build.0 = Debug|Any CPU
		{D2B4F6B4-9E8C-4105-9C6E-3FF344A97441}.Debug|x64.ActiveCfg = Debug|Any CPU
		{D2B4F6B4-9E8C-4105-9C6E-3FF344A97441}.Debug|x64.Build.0 = Debug|Any CPU
		{D2B4F6B4-9E8C-4105-9C6E-3FF344A97441}.Debug|x86.ActiveCfg = Debug|Any CPU
		{D2B4F6B4-9E8C-4105-9C6E-3FF344A97441}.Debug|x86.Build.0 = Debug|Any CPU
		{D2B4F6B4-9E8C-4105-9C6E-3FF344A97441}.Release|Any CPU.ActiveCfg = Release|Any CPU
		{D2B4F6B4-9E8C-4105-9C6E-3FF344A97441}.Release|Any CPU.Build.0 = Release|Any CPU
		{D2B4F6B4-9E8C-4105-9C6E-3FF344A97441}.Release|x64.ActiveCfg = Release|Any CPU
		{D2B4F6B4-9E8C-4105-9C6E-3FF344A97441}.Release|x64.Build.0 = Release|Any CPU
		{D2B4F6B4-9E8C-4105-9C6E-3FF344A97441}.Release|x86.ActiveCfg = Release|Any CPU
		{D2B4F6B4-9E8C-4105-9C6E-3FF344A97441}.Release|x86.Build.0 = Release|Any CPU
	EndGlobalSection
	GlobalSection(SolutionProperties) = preSolution
		HideSolutionNode = FALSE
	EndGlobalSection
EndGlobal
